<Solution>
  <Folder Name="/src/">
    <Project Path="src/EmployeeAPI/EmployeeAPI.csproj" Id="cd4a3f20-1926-41b8-911a-8d3d8c7a28be" />
    <Project Path="src/Shared/Shared.csproj" Id="b8f01de0-bb0e-44fe-ba9b-127ee03f146a" />
  </Folder>
  <Folder Name="/tests/" />
  <Project Path="docker-compose.dcproj">
    <Build />
  </Project>
</Solution>
